<?xml version="1.0" encoding="utf-8"?>
<Project ToolsVersion="4.0" xmlns="http://schemas.microsoft.com/developer/msbuild/2003">
  <ItemGroup>
    <Filter Include="Source Files">
      <UniqueIdentifier>{4FC737F1-C7A5-4376-A066-2A32D752A2FF}</UniqueIdentifier>
      <Extensions>cpp;c;cc;cxx;def;odl;idl;hpj;bat;asm;asmx</Extensions>
    </Filter>
    <Filter Include="Header Files">
      <UniqueIdentifier>{93995380-89BD-4b04-88EB-625FBE52EBFB}</UniqueIdentifier>
      <Extensions>h;hpp;hxx;hm;inl;inc;xsd</Extensions>
    </Filter>
    <Filter Include="Resource Files">
      <UniqueIdentifier>{67DA6AB6-F800-4c08-8B7A-83BB121AAD01}</UniqueIdentifier>
      <Extensions>rc;ico;cur;bmp;dlg;rc2;rct;bin;rgs;gif;jpg;jpeg;jpe;resx;tiff;tif;png;wav</Extensions>
    </Filter>
    <Filter Include="WtWebServer">
      <UniqueIdentifier>{1aa7379a-99a7-4489-9e3e-7ab9c5e9ac69}</UniqueIdentifier>
    </Filter>
    <Filter Include="WtWebServer\Model">
      <UniqueIdentifier>{4b1dcc99-7b8f-44a8-845d-25e4fd6035a7}</UniqueIdentifier>
    </Filter>
    <Filter Include="Header Files\Configuration Files">
      <UniqueIdentifier>{c0a0558d-1ca4-4ce1-9019-c9ea37cf53a8}</UniqueIdentifier>
    </Filter>
    <Filter Include="Header Files\Model">
      <UniqueIdentifier>{e7a265e5-6cc4-41c7-93bb-66da482c4d9f}</UniqueIdentifier>
    </Filter>
    <Filter Include="Source Files\Model">
      <UniqueIdentifier>{23d95ed8-c489-475b-92b2-8af44bab6311}</UniqueIdentifier>
    </Filter>
    <Filter Include="WtWebServer\Obsolite">
      <UniqueIdentifier>{197677d6-67bf-473c-9e18-7126cf24e7b7}</UniqueIdentifier>
    </Filter>
    <Filter Include="WtWebServer\WebComponents">
      <UniqueIdentifier>{a36f7a91-bbff-4825-b295-5033c51c60f3}</UniqueIdentifier>
    </Filter>
    <Filter Include="WtWebServer\WebComponents\OuterWidget">
      <UniqueIdentifier>{b4a2b5af-fa94-4bcc-8326-ca26959f0ed6}</UniqueIdentifier>
    </Filter>
    <Filter Include="WtWebServer\Events">
      <UniqueIdentifier>{66c65849-c586-45ec-922e-b9d2929672cf}</UniqueIdentifier>
    </Filter>
    <Filter Include="WtWebServer\WebComponents\Charts">
      <UniqueIdentifier>{504fad54-f3e9-4297-a59f-33b881c198d7}</UniqueIdentifier>
    </Filter>
    <Filter Include="Singletons">
      <UniqueIdentifier>{6b725436-265e-4eda-b620-006b5d13b945}</UniqueIdentifier>
    </Filter>
    <Filter Include="Header Files\Helpers">
      <UniqueIdentifier>{1db05638-ae93-4b96-b7ee-fb6631713525}</UniqueIdentifier>
    </Filter>
    <Filter Include="Required DLLs">
      <UniqueIdentifier>{e79d97b3-7d8d-4b08-8717-61e653d9dd37}</UniqueIdentifier>
    </Filter>
  </ItemGroup>
  <ItemGroup>
    <ClCompile Include="src\BehavioralBoxLabjack.cpp">
      <Filter>Source Files</Filter>
    </ClCompile>
    <ClCompile Include="src\LabjackHelpers.cpp">
      <Filter>Source Files</Filter>
    </ClCompile>
    <ClCompile Include="src\ConfigurationFile.cpp">
      <Filter>Source Files</Filter>
    </ClCompile>
    <ClCompile Include="src\InputState.cpp">
      <Filter>Source Files\Model</Filter>
    </ClCompile>
    <ClCompile Include="src\StateMonitor.cpp">
      <Filter>Source Files\Model</Filter>
    </ClCompile>
    <ClCompile Include="src\OutputState.cpp">
      <Filter>Source Files\Model</Filter>
    </ClCompile>
    <ClCompile Include="src\PanelList.cpp">
      <Filter>WtWebServer\Obsolite</Filter>
    </ClCompile>
    <ClCompile Include="src\ChartConfig.cpp">
      <Filter>WtWebServer\Obsolite</Filter>
    </ClCompile>
    <ClCompile Include="src\LabjackControllerOuterWidget.cpp">
      <Filter>WtWebServer\WebComponents\OuterWidget</Filter>
    </ClCompile>
    <ClCompile Include="src\LabjackControllerWebApplication.cpp">
      <Filter>WtWebServer</Filter>
    </ClCompile>
    <ClCompile Include="src\LabjackDataFile.cpp">
      <Filter>Source Files</Filter>
    </ClCompile>
    <ClCompile Include="src\TimeSeriesChart.cpp">
      <Filter>WtWebServer\WebComponents\Charts</Filter>
    </ClCompile>
    <ClCompile Include="src\LabjackLiveStateWidget.cpp">
      <Filter>WtWebServer\WebComponents</Filter>
    </ClCompile>
    <ClCompile Include="src\WebAppHelpWidget.cpp">
      <Filter>WtWebServer\WebComponents</Filter>
    </ClCompile>
    <ClCompile Include="src\FilesystemHelpers.cpp">
      <Filter>Source Files</Filter>
    </ClCompile>
    <ClCompile Include="src\DataServerEvent.cpp">
      <Filter>WtWebServer\Events</Filter>
    </ClCompile>
    <ClCompile Include="src\HistoricalDataLoadingEvent.cpp">
      <Filter>WtWebServer\Events</Filter>
    </ClCompile>
    <ClCompile Include="src\BehavioralBoxHistoricalData.cpp">
      <Filter>Source Files\Model</Filter>
    </ClCompile>
    <ClCompile Include="src\BehavioralBoxControllersManager.cpp">
      <Filter>Singletons</Filter>
    </ClCompile>
    <ClCompile Include="src\Main.cpp">
      <Filter>Singletons</Filter>
    </ClCompile>
    <ClCompile Include="src\BoxControllerWebDataServer.cpp">
      <Filter>Singletons</Filter>
    </ClCompile>
    <ClCompile Include="src\CsvUtil.cpp">
      <Filter>WtWebServer\Model</Filter>
    </ClCompile>
    <ClCompile Include="src\ConfigurationManager.cpp">
      <Filter>Source Files</Filter>
    </ClCompile>
    <ClCompile Include="src\WindowsHelpers.cpp">
      <Filter>Source Files</Filter>
    </ClCompile>
  </ItemGroup>
  <ItemGroup>
    <ClInclude Include="src\NumericItem.h">
      <Filter>WtWebServer\Model</Filter>
    </ClInclude>
    <ClInclude Include="src\config.h">
      <Filter>Header Files\Configuration Files</Filter>
    </ClInclude>
    <ClInclude Include="ConfigFiles\config-DownstairsBox.h">
      <Filter>Header Files\Configuration Files</Filter>
    </ClInclude>
    <ClInclude Include="ConfigFiles\config-UpstairsBox-8-20-2019.h">
      <Filter>Header Files\Configuration Files</Filter>
    </ClInclude>
    <ClInclude Include="src\OutputState.h">
      <Filter>Header Files\Model</Filter>
    </ClInclude>
    <ClInclude Include="src\InputState.h">
      <Filter>Header Files\Model</Filter>
    </ClInclude>
    <ClInclude Include="src\ConfigurationFile.h">
      <Filter>Header Files\Model</Filter>
    </ClInclude>
    <ClInclude Include="src\StateMonitor.h">
      <Filter>Header Files\Model</Filter>
    </ClInclude>
    <ClInclude Include="src\PanelList.h">
      <Filter>WtWebServer\Obsolite</Filter>
    </ClInclude>
    <ClInclude Include="src\ChartConfig.h">
      <Filter>WtWebServer\Obsolite</Filter>
    </ClInclude>
    <ClInclude Include="src\LabjackControllerOuterWidget.h">
      <Filter>WtWebServer\WebComponents\OuterWidget</Filter>
    </ClInclude>
    <ClInclude Include="src\LabjackControllerWebApplication.h">
      <Filter>WtWebServer</Filter>
    </ClInclude>
    <ClInclude Include="src\TimeSeriesChart.h">
      <Filter>WtWebServer\WebComponents\Charts</Filter>
    </ClInclude>
    <ClInclude Include="src\WebAppHelpWidget.h">
      <Filter>WtWebServer\WebComponents</Filter>
    </ClInclude>
    <ClInclude Include="src\LabjackLiveStateWidget.h">
      <Filter>WtWebServer\WebComponents</Filter>
    </ClInclude>
    <ClInclude Include="src\DataServerEvent.h">
      <Filter>WtWebServer\Events</Filter>
    </ClInclude>
    <ClInclude Include="src\HistoricalDataLoadingEvent.h">
      <Filter>WtWebServer\Events</Filter>
    </ClInclude>
    <ClInclude Include="src\BehavioralBoxHistoricalData.h">
      <Filter>Header Files\Model</Filter>
    </ClInclude>
    <ClInclude Include="src\BehavioralBoxControllersManager.h">
      <Filter>Singletons</Filter>
    </ClInclude>
    <ClInclude Include="src\BoxControllerWebDataServer.h">
      <Filter>Singletons</Filter>
    </ClInclude>
    <ClInclude Include="src\BoxPortInformation.h">
      <Filter>WtWebServer\Model</Filter>
    </ClInclude>
    <ClInclude Include="src\External\CSVWriter.h">
      <Filter>Header Files\Helpers</Filter>
    </ClInclude>
    <ClInclude Include="src\FilesystemHelpers.h">
      <Filter>Header Files\Helpers</Filter>
    </ClInclude>
    <ClInclude Include="src\LabjackHelpers.h">
      <Filter>Header Files\Helpers</Filter>
    </ClInclude>
    <ClInclude Include="src\LabjackDataFile.h">
      <Filter>Header Files\Model</Filter>
    </ClInclude>
    <ClInclude Include="src\BehavioralBoxLabjack.h">
      <Filter>Header Files\Model</Filter>
    </ClInclude>
    <ClInclude Include="src\External\px_sched.h">
      <Filter>Header Files\Helpers</Filter>
    </ClInclude>
    <ClInclude Include="src\External\Scheduler\Scheduler.h">
      <Filter>Header Files\Helpers</Filter>
    </ClInclude>
    <ClInclude Include="src\CsvUtil.h">
      <Filter>WtWebServer\Model</Filter>
    </ClInclude>
    <ClInclude Include="src\ConfigurationManager.h">
      <Filter>Header Files</Filter>
    </ClInclude>
    <ClInclude Include="src\WindowsHelpers.h">
      <Filter>Header Files\Helpers</Filter>
    </ClInclude>
  </ItemGroup>
  <ItemGroup>
    <Xml Include="resources\charts.xml">
      <Filter>Resource Files</Filter>
    </Xml>
  </ItemGroup>
  <ItemGroup>
    <None Include="resources\timeseries.csv">
      <Filter>Resource Files</Filter>
    </None>
    <None Include="resources\category.csv">
      <Filter>Resource Files</Filter>
    </None>
    <None Include="resources\charts.css">
      <Filter>Resource Files</Filter>
    </None>
    <None Include="packages.config" />
    <None Include="..\..\..\Program Files\Wt 4.1.0 msvs2019 x64\bin\wtd.dll">
      <Filter>Required DLLs</Filter>
    </None>
    <None Include="..\..\..\Program Files\Wt 4.1.0 msvs2019 x64\bin\wthttpd.dll">
      <Filter>Required DLLs</Filter>
    </None>
    <None Include="..\..\..\Program Files\Wt 4.1.0 msvs2019 x64\bin\libssl-1_1d.dll">
      <Filter>Required DLLs</Filter>
    </None>
    <None Include="..\..\..\Program Files\Wt 4.1.0 msvs2019 x64\bin\libcrypto-1_1d.dll">
      <Filter>Required DLLs</Filter>
    </None>
    <None Include="..\..\..\Program Files\Wt 4.1.0 msvs2019 x64\bin\libhpdfd.dll">
      <Filter>Required DLLs</Filter>
    </None>
  </ItemGroup>
</Project>